{
  "name": "@graphjson/parser",
  "version": "0.0.1",
  "lockfileVersion": 3,
  "requires": true,
  "packages": {
    "": {
      "name": "@graphjson/parser",
      "version": "0.0.1",
      "license": "MIT",
      "dependencies": {
        "@graphjson/ast": "0.0.1",
        "@graphjson/core": "0.0.1",
        "@graphjson/json-dsl": "0.0.1",
        "@graphjson/plugins": "0.0.1",
        "@graphjson/presets": "0.0.1",
        "@graphjson/printer": "0.0.1",
        "@graphjson/schema": "0.0.1",
        "@graphjson/sdk": "0.0.1",
        "@graphjson/shared": "0.0.1"
      }
    },
    "node_modules/@graphjson/ast": {
      "version": "0.0.1",
      "resolved": "https://registry.npmjs.org/@graphjson/ast/-/ast-0.0.1.tgz",
      "integrity": "sha512-0uWeIYc9HFAUoyb2BMumGX7BqAZ2amQh9Fl6S5RmpiYxmG5wrBDCkZ1Jsgyfwnz83Yy5gFI3I240v2OPEGxqvQ=="
    },
    "node_modules/@graphjson/core": {
      "version": "0.0.1",
      "resolved": "https://registry.npmjs.org/@graphjson/core/-/core-0.0.1.tgz",
      "integrity": "sha512-YUdmMd65AfqaAo5Na9oknf/WaiV6LTKkOeH+iO5VrML3ZcB+iytIm20MNiafkMDYzpiBrAoUQtDPufsvQ1brzw=="
    },
    "node_modules/@graphjson/json-dsl": {
      "version": "0.0.1",
      "resolved": "https://registry.npmjs.org/@graphjson/json-dsl/-/json-dsl-0.0.1.tgz",
      "integrity": "sha512-nMEoQ78hPdzsHhq/jgpGLsv+5TSsbe3wowbzSG3io8FrY9adDc7fcNHcmZbbyMbmwL3hv7H/yNxsSGOiL+ZKbw=="
    },
    "node_modules/@graphjson/plugins": {
      "version": "0.0.1",
      "resolved": "https://registry.npmjs.org/@graphjson/plugins/-/plugins-0.0.1.tgz",
      "integrity": "sha512-uKMc8LZ2olH81Ja3RX0JDW+zB5VSBcsTajnsUTEEI+dWmnP/LOLH5eQk9ChLlaOnI1UGg2fKJI0lIxdCfyiUgg=="
    },
    "node_modules/@graphjson/presets": {
      "version": "0.0.1",
      "resolved": "https://registry.npmjs.org/@graphjson/presets/-/presets-0.0.1.tgz",
      "integrity": "sha512-USiKV0JAUHhBGOIET00aS7vAp+1MM6/WukqJqaQ9fP8ssihhzsHycQZP76UkkLfEeo2czA8UREVcn93OWaDNjw=="
    },
    "node_modules/@graphjson/printer": {
      "version": "0.0.1",
      "resolved": "https://registry.npmjs.org/@graphjson/printer/-/printer-0.0.1.tgz",
      "integrity": "sha512-Oda4HAYa9gtIHMAsFbmKiDIZVMZPMjE9YRhdRHdZhcUGJTLyNo0kZ7Ruc64VyvhDeY9XLREC+EONyA71k9nqzw=="
    },
    "node_modules/@graphjson/schema": {
      "version": "0.0.1",
      "resolved": "https://registry.npmjs.org/@graphjson/schema/-/schema-0.0.1.tgz",
      "integrity": "sha512-sFSqouXamBxqkk/zdt9UvnByUsq1+AN2nAaL0SIW/e1m+bkPKKdur91qkzFppYISYDcJF/4cgUgkccUo9533yg=="
    },
    "node_modules/@graphjson/sdk": {
      "version": "0.0.1",
      "resolved": "https://registry.npmjs.org/@graphjson/sdk/-/sdk-0.0.1.tgz",
      "integrity": "sha512-EqNlHak8TeCl1tGhpLPUvC7JaK1/NYGj0H0XYHfIUOKVqCJa9Q/z+8HXKhYWxIlzGP/r2R1j7IYPknmba/mUhA=="
    },
    "node_modules/@graphjson/shared": {
      "version": "0.0.1",
      "resolved": "https://registry.npmjs.org/@graphjson/shared/-/shared-0.0.1.tgz",
      "integrity": "sha512-qg4QrPrVsM9DQ+O2dRREnv2cUlC30FJzCrFeJIC95bSFbAZgabjDRUiDrSiMQIuJZZDT0vYZMBuJpxS1oPpB7Q=="
    }
  }
}
